
Microsoft Visual Studio Solution File, Format Version 12.00
# Visual Studio Version 17
VisualStudioVersion = 17.10.35013.160
MinimumVisualStudioVersion = 10.0.40219.1
Project("{9A19103F-16F7-4668-BE54-9A1E7A4F7556}") = "GoogleSheetBulkDownloader", "GoogleSheetBulkDownloader.csproj", "{B38D89AD-9C8D-474D-A280-F76C39B423EA}"
EndProject
Global
	GlobalSection(SolutionConfigurationPlatforms) = preSolution
		Debug|Any CPU = Debug|Any CPU
		Release|Any CPU = Release|Any CPU
	EndGlobalSection
	GlobalSection(ProjectConfigurationPlatforms) = postSolution
		{B38D89AD-9C8D-474D-A280-F76C39B423EA}.Debug|Any CPU.ActiveCfg = Debug|Any CPU
		{B38D89AD-9C8D-474D-A280-F76C39B423EA}.Debug|Any CPU.Build.0 = Debug|Any CPU
		{B38D89AD-9C8D-474D-A280-F76C39B423EA}.Release|Any CPU.ActiveCfg = Release|Any CPU
		{B38D89AD-9C8D-474D-A280-F76C39B423EA}.Release|Any CPU.Build.0 = Release|Any CPU
	EndGlobalSection
	GlobalSection(SolutionProperties) = preSolution
		HideSolutionNode = FALSE
	EndGlobalSection
	GlobalSection(ExtensibilityGlobals) = postSolution
		SolutionGuid = {D7ED150A-0923-45D1-BACD-7D359F2F650B}
	EndGlobalSection
EndGlobal
